{
  "version": 4,
  "terraform_version": "1.4.2",
  "serial": 434,
  "lineage": "3fc39fbe-8a42-4786-fce8-63c591d6a332",
  "outputs": {
    "instance_ip": {
      "value": "35.231.95.71",
      "type": "string"
    }
  },
  "resources": [
    {
      "mode": "managed",
      "type": "google_compute_address",
      "name": "google_address",
      "provider": "provider[\"registry.terraform.io/hashicorp/google\"]",
      "instances": [
        {
          "schema_version": 0,
          "attributes": {
            "address": "35.231.95.71",
            "address_type": "EXTERNAL",
            "creation_timestamp": "2023-03-31T15:06:11.224-07:00",
            "description": "",
            "id": "projects/compelling-weft-374317/regions/us-east1/addresses/sonar-address",
            "name": "sonar-address",
            "network": "",
            "network_tier": "PREMIUM",
            "prefix_length": 0,
            "project": "compelling-weft-374317",
            "purpose": "",
            "region": "us-east1",
            "self_link": "https://www.googleapis.com/compute/v1/projects/compelling-weft-374317/regions/us-east1/addresses/sonar-address",
            "subnetwork": "",
            "timeouts": null,
            "users": []
          },
          "sensitive_attributes": [],
          "private": "eyJlMmJmYjczMC1lY2FhLTExZTYtOGY4OC0zNDM2M2JjN2M0YzAiOnsiY3JlYXRlIjoxMjAwMDAwMDAwMDAwLCJkZWxldGUiOjEyMDAwMDAwMDAwMDB9fQ==",
          "dependencies": [
            "google_compute_network.google_network"
          ]
        }
      ]
    },
    {
      "mode": "managed",
      "type": "google_compute_firewall",
      "name": "google_firewall",
      "provider": "provider[\"registry.terraform.io/hashicorp/google\"]",
      "instances": [
        {
          "schema_version": 1,
          "attributes": {
            "allow": [
              {
                "ports": [
                  "22",
                  "443",
                  "9000",
                  "80"
                ],
                "protocol": "tcp"
              }
            ],
            "creation_timestamp": "2023-03-31T15:06:10.930-07:00",
            "deny": [],
            "description": "",
            "destination_ranges": [],
            "direction": "INGRESS",
            "disabled": false,
            "enable_logging": null,
            "id": "projects/compelling-weft-374317/global/firewalls/sonar",
            "log_config": [],
            "name": "sonar",
            "network": "https://www.googleapis.com/compute/v1/projects/compelling-weft-374317/global/networks/sonar",
            "priority": 1000,
            "project": "compelling-weft-374317",
            "self_link": "https://www.googleapis.com/compute/v1/projects/compelling-weft-374317/global/firewalls/sonar",
            "source_ranges": [
              "181.66.164.185"
            ],
            "source_service_accounts": null,
            "source_tags": null,
            "target_service_accounts": null,
            "target_tags": null,
            "timeouts": null
          },
          "sensitive_attributes": [],
          "private": "eyJlMmJmYjczMC1lY2FhLTExZTYtOGY4OC0zNDM2M2JjN2M0YzAiOnsiY3JlYXRlIjoxMjAwMDAwMDAwMDAwLCJkZWxldGUiOjEyMDAwMDAwMDAwMDAsInVwZGF0ZSI6MTIwMDAwMDAwMDAwMH0sInNjaGVtYV92ZXJzaW9uIjoiMSJ9",
          "dependencies": [
            "google_compute_network.google_network"
          ]
        }
      ]
    },
    {
      "mode": "managed",
      "type": "google_compute_instance",
      "name": "google_instance",
      "provider": "provider[\"registry.terraform.io/hashicorp/google\"]",
      "instances": [
        {
          "schema_version": 6,
          "attributes": {
            "advanced_machine_features": [],
            "allow_stopping_for_update": null,
            "attached_disk": [],
            "boot_disk": [
              {
                "auto_delete": true,
                "device_name": "persistent-disk-0",
                "disk_encryption_key_raw": "",
                "disk_encryption_key_sha256": "",
                "initialize_params": [
                  {
                    "image": "https://www.googleapis.com/compute/v1/projects/ubuntu-os-cloud/global/images/ubuntu-minimal-2004-focal-v20230303",
                    "labels": {},
                    "size": 10,
                    "type": "pd-standard"
                  }
                ],
                "kms_key_self_link": "",
                "mode": "READ_WRITE",
                "source": "https://www.googleapis.com/compute/v1/projects/compelling-weft-374317/zones/us-east1-b/disks/sonar"
              }
            ],
            "can_ip_forward": false,
            "confidential_instance_config": [],
            "cpu_platform": "Intel Broadwell",
            "current_status": "RUNNING",
            "deletion_protection": false,
            "description": "",
            "desired_status": null,
            "enable_display": false,
            "guest_accelerator": [],
            "hostname": "",
            "id": "projects/compelling-weft-374317/zones/us-east1-b/instances/sonar",
            "instance_id": "6224790491423762318",
            "label_fingerprint": "42WmSpB8rSM=",
            "labels": null,
            "machine_type": "e2-standard-2",
            "metadata": null,
            "metadata_fingerprint": "xh9D-Sftudw=",
            "metadata_startup_script": "#!/bin/bash\n\nsudo apt update -y \u0026\u0026 sudo apt upgrade -y\nsudo apt install curl -y\nsudo apt install wget -y\nsudo apt install nano -y\nsudo apt install unzip -y\n\n# Install OpenJDK - Java\nsudo apt install openjdk-11-jdk -y\n\n# Install PostgreSQL\ncurl https://www.postgresql.org/media/keys/ACCC5CF8.asc | gpg --dearmor | sudo tee /etc/apt/trusted.gpg.d/apt.postgresql.org.gpg \u003e/dev/null\nsudo sh -c 'echo \"deb http://apt.postgresql.org/pub/repos/apt $(lsb_release -cs)-pgdg main\" \u003e /etc/apt/sources.list.d/pgdg.list'\nsudo apt update -y\nsudo apt install postgresql postgresql-contrib -y\nsudo systemctl enable postgresql\nsudo systemctl start postgresql\n\n# Configure PostgreSQL\n#sudo -u postgres createuser sonar\nsudo -u postgres sh -c \"cd / \u0026\u0026 createuser sonar\"\nsudo -u postgres psql -c \"ALTER USER sonar WITH ENCRYPTED password 'sonar';\"\nsudo -u postgres psql -c \"CREATE DATABASE sonarqube OWNER sonar;\"\nsudo -u postgres psql -c \"GRANT ALL PRIVILEGES ON DATABASE sonarqube to sonar;\"\n\n# Install sonarqube\nwget https://binaries.sonarsource.com/Distribution/sonarqube/sonarqube-9.8.0.63668.zip\nsudo unzip -q sonarqube-9.8.0.63668.zip\nsudo mv sonarqube-9.8.0.63668 /opt/sonarqube\nsudo rm sonarqube-9.8.0.63668.zip\n\n# Configure sonarqube\nsudo groupadd sonar\nsudo useradd -d /opt/sonarqube -g sonar sonar\nsudo chown sonar:sonar /opt/sonarqube -R\nsudo sed -i -e 's/#sonar.jdbc.username=/sonar.jdbc.username=sonar/g' /opt/sonarqube/conf/sonar.properties\nsudo sed -i -e 's/#sonar.jdbc.password=/sonar.jdbc.password=sonar/g' /opt/sonarqube/conf/sonar.properties\nsudo sed -i 's/^#sonar.jdbc.url=jdbc:postgresql:\\/\\/localhost\\/sonarqube?currentSchema=my_schema/sonar.jdbc.url=jdbc:postgresql:\\/\\/localhost:5432\\/sonarqube/' /opt/sonarqube/conf/sonar.properties\nsudo sed -i '/APP_NAME=\"SonarQube\"/a RUN_AS_USER=sonar' /opt/sonarqube/bin/linux-x86-64/sonar.sh\n\necho \"[Unit]\nDescription=SonarQube service\nAfter=syslog.target network.target\n\n[Service]\nType=forking\nExecStart=/opt/sonarqube/bin/linux-x86-64/sonar.sh start\nExecStop=/opt/sonarqube/bin/linux-x86-64/sonar.sh stop\nUser=sonar\nGroup=sonar\nRestart=always\nLimitNOFILE=65537\nLimitNPROC=4097\n\n[Install]\nWantedBy=multi-user.target\" | sudo tee /etc/systemd/system/sonar.service\nsudo systemctl enable sonar\nsudo systemctl start sonar\n\n\nsudo sed -i '$a\\vm.max_map_count=262145\\nfs.file-max=65536\\nulimit -n 65536\\nulimit -u 4096' /etc/sysctl.conf\nsudo sysctl -p\n",
            "min_cpu_platform": "",
            "name": "sonar",
            "network_interface": [
              {
                "access_config": [
                  {
                    "nat_ip": "35.231.95.71",
                    "network_tier": "PREMIUM",
                    "public_ptr_domain_name": ""
                  }
                ],
                "alias_ip_range": [],
                "ipv6_access_config": [],
                "ipv6_access_type": "",
                "name": "nic0",
                "network": "https://www.googleapis.com/compute/v1/projects/compelling-weft-374317/global/networks/sonar",
                "network_ip": "10.142.0.2",
                "nic_type": "",
                "queue_count": 0,
                "stack_type": "IPV4_ONLY",
                "subnetwork": "https://www.googleapis.com/compute/v1/projects/compelling-weft-374317/regions/us-east1/subnetworks/sonar",
                "subnetwork_project": "compelling-weft-374317"
              }
            ],
            "project": "compelling-weft-374317",
            "reservation_affinity": [],
            "resource_policies": null,
            "scheduling": [
              {
                "automatic_restart": true,
                "instance_termination_action": "",
                "min_node_cpus": 0,
                "node_affinities": [],
                "on_host_maintenance": "MIGRATE",
                "preemptible": false,
                "provisioning_model": "STANDARD"
              }
            ],
            "scratch_disk": [],
            "self_link": "https://www.googleapis.com/compute/v1/projects/compelling-weft-374317/zones/us-east1-b/instances/sonar",
            "service_account": [],
            "shielded_instance_config": [
              {
                "enable_integrity_monitoring": true,
                "enable_secure_boot": false,
                "enable_vtpm": true
              }
            ],
            "tags": [
              "http-server",
              "https-server"
            ],
            "tags_fingerprint": "6smc4R4d39I=",
            "timeouts": null,
            "zone": "us-east1-b"
          },
          "sensitive_attributes": [],
          "private": "eyJlMmJmYjczMC1lY2FhLTExZTYtOGY4OC0zNDM2M2JjN2M0YzAiOnsiY3JlYXRlIjoxMjAwMDAwMDAwMDAwLCJkZWxldGUiOjEyMDAwMDAwMDAwMDAsInVwZGF0ZSI6MTIwMDAwMDAwMDAwMH0sInNjaGVtYV92ZXJzaW9uIjoiNiJ9",
          "dependencies": [
            "google_compute_address.google_address",
            "google_compute_firewall.google_firewall",
            "google_compute_network.google_network"
          ]
        }
      ]
    },
    {
      "mode": "managed",
      "type": "google_compute_network",
      "name": "google_network",
      "provider": "provider[\"registry.terraform.io/hashicorp/google\"]",
      "instances": [
        {
          "schema_version": 0,
          "attributes": {
            "auto_create_subnetworks": true,
            "delete_default_routes_on_create": false,
            "description": "",
            "enable_ula_internal_ipv6": false,
            "gateway_ipv4": "",
            "id": "projects/compelling-weft-374317/global/networks/sonar",
            "internal_ipv6_range": "",
            "mtu": 0,
            "name": "sonar",
            "project": "compelling-weft-374317",
            "routing_mode": "REGIONAL",
            "self_link": "https://www.googleapis.com/compute/v1/projects/compelling-weft-374317/global/networks/sonar",
            "timeouts": null
          },
          "sensitive_attributes": [],
          "private": "eyJlMmJmYjczMC1lY2FhLTExZTYtOGY4OC0zNDM2M2JjN2M0YzAiOnsiY3JlYXRlIjoxMjAwMDAwMDAwMDAwLCJkZWxldGUiOjEyMDAwMDAwMDAwMDAsInVwZGF0ZSI6MTIwMDAwMDAwMDAwMH19"
        }
      ]
    }
  ],
  "check_results": null
}
